
Microsoft Visual Studio Solution File, Format Version 12.00
# Visual Studio Version 16
VisualStudioVersion = 16.0.31205.134
MinimumVisualStudioVersion = 10.0.40219.1
Project("{9A19103F-16F7-4668-BE54-9A1E7A4F7556}") = "MetricsManager", "MetricsManager\MetricsManager.csproj", "{6C93EC38-3EF8-454A-9329-C90E88D6748E}"
EndProject
Project("{9A19103F-16F7-4668-BE54-9A1E7A4F7556}") = "MetricsManagerTests", "MetricsManagerTests\MetricsManagerTests.csproj", "{E0F7842F-9BA3-4703-8CA7-D2E7C81332AD}"
EndProject
Project("{9A19103F-16F7-4668-BE54-9A1E7A4F7556}") = "MetricsAgent", "MetricsAgent\MetricsAgent.csproj", "{2B9DF988-015C-433B-B40A-1B0BF33B45AE}"
EndProject
Project("{9A19103F-16F7-4668-BE54-9A1E7A4F7556}") = "MetricsAgentTests", "MetricsAgentTests\MetricsAgentTests.csproj", "{9C368936-4C0F-41F7-B346-6F56AA31A96A}"
EndProject
Project("{FAE04EC0-301F-11D3-BF4B-00C04F79EFBC}") = "MetricsManagerClient", "MetricsManagerClient\MetricsManagerClient.csproj", "{7874981D-3E9E-42E5-81E9-3256ED2D1455}"
EndProject
Global
	GlobalSection(SolutionConfigurationPlatforms) = preSolution
		Debug|Any CPU = Debug|Any CPU
		Release|Any CPU = Release|Any CPU
	EndGlobalSection
	GlobalSection(ProjectConfigurationPlatforms) = postSolution
		{6C93EC38-3EF8-454A-9329-C90E88D6748E}.Debug|Any CPU.ActiveCfg = Debug|Any CPU
		{6C93EC38-3EF8-454A-9329-C90E88D6748E}.Debug|Any CPU.Build.0 = Debug|Any CPU
		{6C93EC38-3EF8-454A-9329-C90E88D6748E}.Release|Any CPU.ActiveCfg = Release|Any CPU
		{6C93EC38-3EF8-454A-9329-C90E88D6748E}.Release|Any CPU.Build.0 = Release|Any CPU
		{E0F7842F-9BA3-4703-8CA7-D2E7C81332AD}.Debug|Any CPU.ActiveCfg = Debug|Any CPU
		{E0F7842F-9BA3-4703-8CA7-D2E7C81332AD}.Debug|Any CPU.Build.0 = Debug|Any CPU
		{E0F7842F-9BA3-4703-8CA7-D2E7C81332AD}.Release|Any CPU.ActiveCfg = Release|Any CPU
		{E0F7842F-9BA3-4703-8CA7-D2E7C81332AD}.Release|Any CPU.Build.0 = Release|Any CPU
		{2B9DF988-015C-433B-B40A-1B0BF33B45AE}.Debug|Any CPU.ActiveCfg = Debug|Any CPU
		{2B9DF988-015C-433B-B40A-1B0BF33B45AE}.Debug|Any CPU.Build.0 = Debug|Any CPU
		{2B9DF988-015C-433B-B40A-1B0BF33B45AE}.Release|Any CPU.ActiveCfg = Release|Any CPU
		{2B9DF988-015C-433B-B40A-1B0BF33B45AE}.Release|Any CPU.Build.0 = Release|Any CPU
		{9C368936-4C0F-41F7-B346-6F56AA31A96A}.Debug|Any CPU.ActiveCfg = Debug|Any CPU
		{9C368936-4C0F-41F7-B346-6F56AA31A96A}.Debug|Any CPU.Build.0 = Debug|Any CPU
		{9C368936-4C0F-41F7-B346-6F56AA31A96A}.Release|Any CPU.ActiveCfg = Release|Any CPU
		{9C368936-4C0F-41F7-B346-6F56AA31A96A}.Release|Any CPU.Build.0 = Release|Any CPU
		{7874981D-3E9E-42E5-81E9-3256ED2D1455}.Debug|Any CPU.ActiveCfg = Debug|Any CPU
		{7874981D-3E9E-42E5-81E9-3256ED2D1455}.Debug|Any CPU.Build.0 = Debug|Any CPU
		{7874981D-3E9E-42E5-81E9-3256ED2D1455}.Release|Any CPU.ActiveCfg = Release|Any CPU
		{7874981D-3E9E-42E5-81E9-3256ED2D1455}.Release|Any CPU.Build.0 = Release|Any CPU
	EndGlobalSection
	GlobalSection(SolutionProperties) = preSolution
		HideSolutionNode = FALSE
	EndGlobalSection
	GlobalSection(ExtensibilityGlobals) = postSolution
		SolutionGuid = {84800693-349D-4FCF-B7C4-806540AA638E}
	EndGlobalSection
EndGlobal
